
Microsoft Visual Studio Solution File, Format Version 12.00
# Visual Studio Version 17
VisualStudioVersion = 17.10.35013.160
MinimumVisualStudioVersion = 10.0.40219.1
Project("{FAE04EC0-301F-11D3-BF4B-00C04F79EFBC}") = "sb admin2 Test", "sb admin2 Test\sb admin2 Test.csproj", "{209A1307-0CC6-4A7D-902B-9C138A0B571C}"
EndProject
Project("{2150E333-8FDC-42A3-9474-1A3956D46DE8}") = "方案項目", "方案項目", "{523FAC8E-AED8-41C1-880E-ACF1BD229576}"
	ProjectSection(SolutionItems) = preProject
		Readme.txt = Readme.txt
	EndProjectSection
EndProject
Global
	GlobalSection(SolutionConfigurationPlatforms) = preSolution
		Debug|Any CPU = Debug|Any CPU
		Release|Any CPU = Release|Any CPU
	EndGlobalSection
	GlobalSection(ProjectConfigurationPlatforms) = postSolution
		{209A1307-0CC6-4A7D-902B-9C138A0B571C}.Debug|Any CPU.ActiveCfg = Debug|Any CPU
		{209A1307-0CC6-4A7D-902B-9C138A0B571C}.Debug|Any CPU.Build.0 = Debug|Any CPU
		{209A1307-0CC6-4A7D-902B-9C138A0B571C}.Release|Any CPU.ActiveCfg = Release|Any CPU
		{209A1307-0CC6-4A7D-902B-9C138A0B571C}.Release|Any CPU.Build.0 = Release|Any CPU
	EndGlobalSection
	GlobalSection(SolutionProperties) = preSolution
		HideSolutionNode = FALSE
	EndGlobalSection
	GlobalSection(ExtensibilityGlobals) = postSolution
		SolutionGuid = {F0C92EDD-D0C6-422B-82CE-F946365D66B0}
	EndGlobalSection
EndGlobal
